
Microsoft Visual Studio Solution File, Format Version 12.00
# Visual Studio Version 17
VisualStudioVersion = 17.7.34018.315
MinimumVisualStudioVersion = 10.0.40219.1
Project("{9A19103F-16F7-4668-BE54-9A1E7A4F7556}") = "AspNetMvcBlogv2", "AspNetMvcBlogv2\AspNetMvcBlogv2.csproj", "{196CE0F8-ECFD-4A58-978B-250CCB10C12A}"
EndProject
Project("{FAE04EC0-301F-11D3-BF4B-00C04F79EFBC}") = "AspNetMvcBlogv2.Persistence", "AspNetMvcBlogv2.Persistence\AspNetMvcBlogv2.Persistence.csproj", "{A4A885C4-53AC-4893-A47C-47F5EF1D06CD}"
EndProject
Project("{FAE04EC0-301F-11D3-BF4B-00C04F79EFBC}") = "AspNetMvcBlogv2.Business", "AspNetMvcBlogv2.Business\AspNetMvcBlogv2.Business.csproj", "{47C290AC-028C-4452-872E-33CBEA1F4276}"
EndProject
Global
	GlobalSection(SolutionConfigurationPlatforms) = preSolution
		Debug|Any CPU = Debug|Any CPU
		Release|Any CPU = Release|Any CPU
	EndGlobalSection
	GlobalSection(ProjectConfigurationPlatforms) = postSolution
		{196CE0F8-ECFD-4A58-978B-250CCB10C12A}.Debug|Any CPU.ActiveCfg = Debug|Any CPU
		{196CE0F8-ECFD-4A58-978B-250CCB10C12A}.Debug|Any CPU.Build.0 = Debug|Any CPU
		{196CE0F8-ECFD-4A58-978B-250CCB10C12A}.Release|Any CPU.ActiveCfg = Release|Any CPU
		{196CE0F8-ECFD-4A58-978B-250CCB10C12A}.Release|Any CPU.Build.0 = Release|Any CPU
		{A4A885C4-53AC-4893-A47C-47F5EF1D06CD}.Debug|Any CPU.ActiveCfg = Debug|Any CPU
		{A4A885C4-53AC-4893-A47C-47F5EF1D06CD}.Debug|Any CPU.Build.0 = Debug|Any CPU
		{A4A885C4-53AC-4893-A47C-47F5EF1D06CD}.Release|Any CPU.ActiveCfg = Release|Any CPU
		{A4A885C4-53AC-4893-A47C-47F5EF1D06CD}.Release|Any CPU.Build.0 = Release|Any CPU
		{47C290AC-028C-4452-872E-33CBEA1F4276}.Debug|Any CPU.ActiveCfg = Debug|Any CPU
		{47C290AC-028C-4452-872E-33CBEA1F4276}.Debug|Any CPU.Build.0 = Debug|Any CPU
		{47C290AC-028C-4452-872E-33CBEA1F4276}.Release|Any CPU.ActiveCfg = Release|Any CPU
		{47C290AC-028C-4452-872E-33CBEA1F4276}.Release|Any CPU.Build.0 = Release|Any CPU
	EndGlobalSection
	GlobalSection(SolutionProperties) = preSolution
		HideSolutionNode = FALSE
	EndGlobalSection
	GlobalSection(ExtensibilityGlobals) = postSolution
		SolutionGuid = {53FC3A23-DADC-4D19-889E-0711D3FB930D}
	EndGlobalSection
EndGlobal
